
Microsoft Visual Studio Solution File, Format Version 12.00
# Visual Studio Version 16
VisualStudioVersion = 16.0.31829.152
MinimumVisualStudioVersion = 10.0.40219.1
Project("{9A19103F-16F7-4668-BE54-9A1E7A4F7556}") = "strawberryshakebug2", "strawberryshakebug2.csproj", "{474C7C33-7CC4-461F-BCFE-FAFCC4A40BA8}"
EndProject
Global
	GlobalSection(SolutionConfigurationPlatforms) = preSolution
		Debug|Any CPU = Debug|Any CPU
		Release|Any CPU = Release|Any CPU
	EndGlobalSection
	GlobalSection(ProjectConfigurationPlatforms) = postSolution
		{474C7C33-7CC4-461F-BCFE-FAFCC4A40BA8}.Debug|Any CPU.ActiveCfg = Debug|Any CPU
		{474C7C33-7CC4-461F-BCFE-FAFCC4A40BA8}.Debug|Any CPU.Build.0 = Debug|Any CPU
		{474C7C33-7CC4-461F-BCFE-FAFCC4A40BA8}.Release|Any CPU.ActiveCfg = Release|Any CPU
		{474C7C33-7CC4-461F-BCFE-FAFCC4A40BA8}.Release|Any CPU.Build.0 = Release|Any CPU
	EndGlobalSection
	GlobalSection(SolutionProperties) = preSolution
		HideSolutionNode = FALSE
	EndGlobalSection
	GlobalSection(ExtensibilityGlobals) = postSolution
		SolutionGuid = {3393C2E4-AAE2-4EF4-9026-9B375D8E57A6}
	EndGlobalSection
EndGlobal
